
Microsoft Visual Studio Solution File, Format Version 12.00
# Visual Studio Version 17
VisualStudioVersion = 17.4.33403.182
MinimumVisualStudioVersion = 10.0.40219.1
Project("{9A19103F-16F7-4668-BE54-9A1E7A4F7556}") = "SimpleWebAPI", "SimpleWebAPI.csproj", "{F3CD629E-8707-4C38-99D3-043D91CE10CE}"
EndProject
Global
	GlobalSection(SolutionConfigurationPlatforms) = preSolution
		Debug|Any CPU = Debug|Any CPU
		Release|Any CPU = Release|Any CPU
	EndGlobalSection
	GlobalSection(ProjectConfigurationPlatforms) = postSolution
		{F3CD629E-8707-4C38-99D3-043D91CE10CE}.Debug|Any CPU.ActiveCfg = Debug|Any CPU
		{F3CD629E-8707-4C38-99D3-043D91CE10CE}.Debug|Any CPU.Build.0 = Debug|Any CPU
		{F3CD629E-8707-4C38-99D3-043D91CE10CE}.Release|Any CPU.ActiveCfg = Release|Any CPU
		{F3CD629E-8707-4C38-99D3-043D91CE10CE}.Release|Any CPU.Build.0 = Release|Any CPU
	EndGlobalSection
	GlobalSection(SolutionProperties) = preSolution
		HideSolutionNode = FALSE
	EndGlobalSection
	GlobalSection(ExtensibilityGlobals) = postSolution
		SolutionGuid = {F38EEAAC-CA81-4EE8-B348-16959D62B134}
	EndGlobalSection
EndGlobal
